<?xml version="1.0" encoding="utf-8"?>
<Project ToolsVersion="4.0" xmlns="http://schemas.microsoft.com/developer/msbuild/2003">
  <ItemGroup>
    <ClCompile Include="DBConnection.cpp" />
    <ClCompile Include="PaymentForm.cpp" />
    <ClCompile Include="PosMenuItem.cpp" />
    <ClCompile Include="StartForm.cpp" />
    <ClCompile Include="Table.cpp" />
    <ClCompile Include="TableForm.cpp" />
    <ClCompile Include="DetailForm.cpp" />
    <ClCompile Include="Category.cpp" />
  </ItemGroup>
  <ItemGroup>
    <ClInclude Include="DBConnection.h" />
    <ClInclude Include="PaymentForm.h" />
    <ClInclude Include="PosMenuItem.h" />
    <ClInclude Include="StartForm.h" />
    <ClInclude Include="TableForm.h" />
    <ClInclude Include="DetailForm.h" />
    <ClInclude Include="Order.h" />
    <ClInclude Include="Table.h" />
    <ClInclude Include="Category.h" />
  </ItemGroup>
  <ItemGroup>
    <EmbeddedResource Include="PaymentForm.resx" />
    <EmbeddedResource Include="StartForm.resx" />
    <EmbeddedResource Include="TableForm.resx" />
    <EmbeddedResource Include="DetailForm.resx" />
  </ItemGroup>
</Project>